// !$*UTF8*$!
{
	archiveVersion = 1;
	classes = {
	};
	objectVersion = 56;
	objects = {

/* Begin PBXBuildFile section */
		BF5026B129CC9F2E00895321 /* MobileNetV3_extended.mlmodel in Sources */ = {isa = PBXBuildFile; fileRef = BF5026B029CC9F2E00895321 /* MobileNetV3_extended.mlmodel */; };
		BF5026B329CCA4DB00895321 /* MobileNet_interferenceExtension.swift in Sources */ = {isa = PBXBuildFile; fileRef = BF5026B229CCA4DB00895321 /* MobileNet_interferenceExtension.swift */; };
		BF677AD12995615E00FEC522 /* GravAI_iosApp.swift in Sources */ = {isa = PBXBuildFile; fileRef = BF677AD02995615E00FEC522 /* GravAI_iosApp.swift */; };
		BF677AD32995615E00FEC522 /* ContentView.swift in Sources */ = {isa = PBXBuildFile; fileRef = BF677AD22995615E00FEC522 /* ContentView.swift */; };
		BF677AD52995615F00FEC522 /* Assets.xcassets in Resources */ = {isa = PBXBuildFile; fileRef = BF677AD42995615F00FEC522 /* Assets.xcassets */; };
		BF677AD82995615F00FEC522 /* Preview Assets.xcassets in Resources */ = {isa = PBXBuildFile; fileRef = BF677AD72995615F00FEC522 /* Preview Assets.xcassets */; };
		BF677ADF299561C800FEC522 /* ImagePicker.swift in Sources */ = {isa = PBXBuildFile; fileRef = BF677ADE299561C800FEC522 /* ImagePicker.swift */; };
		BF677AE1299561ED00FEC522 /* RealTimeView.swift in Sources */ = {isa = PBXBuildFile; fileRef = BF677AE0299561ED00FEC522 /* RealTimeView.swift */; };
		BF677AE32995620E00FEC522 /* UploadView.swift in Sources */ = {isa = PBXBuildFile; fileRef = BF677AE22995620E00FEC522 /* UploadView.swift */; };
		BF677AE52995622F00FEC522 /* VideoCapture.swift in Sources */ = {isa = PBXBuildFile; fileRef = BF677AE42995622F00FEC522 /* VideoCapture.swift */; };
		BF677AEA2995640000FEC522 /* YOLOv5_InterferenceExtension.swift in Sources */ = {isa = PBXBuildFile; fileRef = BF677AE92995640000FEC522 /* YOLOv5_InterferenceExtension.swift */; };
		BF677AEC2995642100FEC522 /* ScreenShotExtension.swift in Sources */ = {isa = PBXBuildFile; fileRef = BF677AEB2995642100FEC522 /* ScreenShotExtension.swift */; };
		BF677AEE2995643B00FEC522 /* UIImage+Extension.swift in Sources */ = {isa = PBXBuildFile; fileRef = BF677AED2995643B00FEC522 /* UIImage+Extension.swift */; };
		BF677AF02995645100FEC522 /* UIImageExtension.swift in Sources */ = {isa = PBXBuildFile; fileRef = BF677AEF2995645100FEC522 /* UIImageExtension.swift */; };
		BFEC607329CB5390005EFD29 /* yolo5n_100epoch.mlmodel in Sources */ = {isa = PBXBuildFile; fileRef = BFEC607129CB5390005EFD29 /* yolo5n_100epoch.mlmodel */; };
/* End PBXBuildFile section */

/* Begin PBXFileReference section */
		BF5026B029CC9F2E00895321 /* MobileNetV3_extended.mlmodel */ = {isa = PBXFileReference; lastKnownFileType = file.mlmodel; name = MobileNetV3_extended.mlmodel; path = ../../../Downloads/MobileNetV3_extended.mlmodel; sourceTree = "<group>"; };
		BF5026B229CCA4DB00895321 /* MobileNet_interferenceExtension.swift */ = {isa = PBXFileReference; lastKnownFileType = sourcecode.swift; path = MobileNet_interferenceExtension.swift; sourceTree = "<group>"; };
		BF677ACD2995615E00FEC522 /* GravAI_ios.app */ = {isa = PBXFileReference; explicitFileType = wrapper.application; includeInIndex = 0; path = GravAI_ios.app; sourceTree = BUILT_PRODUCTS_DIR; };
		BF677AD02995615E00FEC522 /* GravAI_iosApp.swift */ = {isa = PBXFileReference; lastKnownFileType = sourcecode.swift; path = GravAI_iosApp.swift; sourceTree = "<group>"; };
		BF677AD22995615E00FEC522 /* ContentView.swift */ = {isa = PBXFileReference; lastKnownFileType = sourcecode.swift; path = ContentView.swift; sourceTree = "<group>"; };
		BF677AD42995615F00FEC522 /* Assets.xcassets */ = {isa = PBXFileReference; lastKnownFileType = folder.assetcatalog; path = Assets.xcassets; sourceTree = "<group>"; };
		BF677AD72995615F00FEC522 /* Preview Assets.xcassets */ = {isa = PBXFileReference; lastKnownFileType = folder.assetcatalog; path = "Preview Assets.xcassets"; sourceTree = "<group>"; };
		BF677ADE299561C800FEC522 /* ImagePicker.swift */ = {isa = PBXFileReference; lastKnownFileType = sourcecode.swift; path = ImagePicker.swift; sourceTree = "<group>"; };
		BF677AE0299561ED00FEC522 /* RealTimeView.swift */ = {isa = PBXFileReference; lastKnownFileType = sourcecode.swift; path = RealTimeView.swift; sourceTree = "<group>"; };
		BF677AE22995620E00FEC522 /* UploadView.swift */ = {isa = PBXFileReference; lastKnownFileType = sourcecode.swift; path = UploadView.swift; sourceTree = "<group>"; };
		BF677AE42995622F00FEC522 /* VideoCapture.swift */ = {isa = PBXFileReference; lastKnownFileType = sourcecode.swift; path = VideoCapture.swift; sourceTree = "<group>"; };
		BF677AE92995640000FEC522 /* YOLOv5_InterferenceExtension.swift */ = {isa = PBXFileReference; lastKnownFileType = sourcecode.swift; path = YOLOv5_InterferenceExtension.swift; sourceTree = "<group>"; };
		BF677AEB2995642100FEC522 /* ScreenShotExtension.swift */ = {isa = PBXFileReference; lastKnownFileType = sourcecode.swift; path = ScreenShotExtension.swift; sourceTree = "<group>"; };
		BF677AED2995643B00FEC522 /* UIImage+Extension.swift */ = {isa = PBXFileReference; lastKnownFileType = sourcecode.swift; path = "UIImage+Extension.swift"; sourceTree = "<group>"; };
		BF677AEF2995645100FEC522 /* UIImageExtension.swift */ = {isa = PBXFileReference; lastKnownFileType = sourcecode.swift; path = UIImageExtension.swift; sourceTree = "<group>"; };
		BF677AF1299568F400FEC522 /* GravAI-ios-Info.plist */ = {isa = PBXFileReference; lastKnownFileType = text.plist; path = "GravAI-ios-Info.plist"; sourceTree = SOURCE_ROOT; };
		BFEC607129CB5390005EFD29 /* yolo5n_100epoch.mlmodel */ = {isa = PBXFileReference; lastKnownFileType = file.mlmodel; path = yolo5n_100epoch.mlmodel; sourceTree = "<group>"; };
/* End PBXFileReference section */

/* Begin PBXFrameworksBuildPhase section */
		BF677ACA2995615E00FEC522 /* Frameworks */ = {
			isa = PBXFrameworksBuildPhase;
			buildActionMask = 2147483647;
			files = (
			);
			runOnlyForDeploymentPostprocessing = 0;
		};
/* End PBXFrameworksBuildPhase section */

/* Begin PBXGroup section */
		BF677AC42995615E00FEC522 = {
			isa = PBXGroup;
			children = (
				BF677ACF2995615E00FEC522 /* GravAI_ios */,
				BF677ACE2995615E00FEC522 /* Products */,
			);
			sourceTree = "<group>";
		};
		BF677ACE2995615E00FEC522 /* Products */ = {
			isa = PBXGroup;
			children = (
				BF677ACD2995615E00FEC522 /* GravAI_ios.app */,
			);
			name = Products;
			sourceTree = "<group>";
		};
		BF677ACF2995615E00FEC522 /* GravAI_ios */ = {
			isa = PBXGroup;
			children = (
				BF677AF1299568F400FEC522 /* GravAI-ios-Info.plist */,
				BF677AD02995615E00FEC522 /* GravAI_iosApp.swift */,
				BF677AE82995629F00FEC522 /* Extension */,
				BF677AD22995615E00FEC522 /* ContentView.swift */,
				BF677ADE299561C800FEC522 /* ImagePicker.swift */,
				BFEC607129CB5390005EFD29 /* yolo5n_100epoch.mlmodel */,
				BF5026B029CC9F2E00895321 /* MobileNetV3_extended.mlmodel */,
				BF677AE0299561ED00FEC522 /* RealTimeView.swift */,
				BF677AE22995620E00FEC522 /* UploadView.swift */,
				BF677AE42995622F00FEC522 /* VideoCapture.swift */,
				BF677AD42995615F00FEC522 /* Assets.xcassets */,
				BF677AD62995615F00FEC522 /* Preview Content */,
			);
			path = GravAI_ios;
			sourceTree = "<group>";
		};
		BF677AD62995615F00FEC522 /* Preview Content */ = {
			isa = PBXGroup;
			children = (
				BF677AD72995615F00FEC522 /* Preview Assets.xcassets */,
			);
			path = "Preview Content";
			sourceTree = "<group>";
		};
		BF677AE82995629F00FEC522 /* Extension */ = {
			isa = PBXGroup;
			children = (
				BF677AE92995640000FEC522 /* YOLOv5_InterferenceExtension.swift */,
				BF5026B229CCA4DB00895321 /* MobileNet_interferenceExtension.swift */,
				BF677AEF2995645100FEC522 /* UIImageExtension.swift */,
				BF677AEB2995642100FEC522 /* ScreenShotExtension.swift */,
				BF677AED2995643B00FEC522 /* UIImage+Extension.swift */,
			);
			path = Extension;
			sourceTree = "<group>";
		};
/* End PBXGroup section */

/* Begin PBXNativeTarget section */
		BF677ACC2995615E00FEC522 /* GravAI_ios */ = {
			isa = PBXNativeTarget;
			buildConfigurationList = BF677ADB2995615F00FEC522 /* Build configuration list for PBXNativeTarget "GravAI_ios" */;
			buildPhases = (
				BF677AC92995615E00FEC522 /* Sources */,
				BF677ACA2995615E00FEC522 /* Frameworks */,
				BF677ACB2995615E00FEC522 /* Resources */,
			);
			buildRules = (
			);
			dependencies = (
			);
			name = GravAI_ios;
			productName = GravAI_ios;
			productReference = BF677ACD2995615E00FEC522 /* GravAI_ios.app */;
			productType = "com.apple.product-type.application";
		};
/* End PBXNativeTarget section */

/* Begin PBXProject section */
		BF677AC52995615E00FEC522 /* Project object */ = {
			isa = PBXProject;
			attributes = {
				BuildIndependentTargetsInParallel = 1;
				LastSwiftUpdateCheck = 1420;
				LastUpgradeCheck = 1420;
				TargetAttributes = {
					BF677ACC2995615E00FEC522 = {
						CreatedOnToolsVersion = 14.2;
					};
				};
			};
			buildConfigurationList = BF677AC82995615E00FEC522 /* Build configuration list for PBXProject "GravAI_ios" */;
			compatibilityVersion = "Xcode 14.0";
			developmentRegion = en;
			hasScannedForEncodings = 0;
			knownRegions = (
				en,
				Base,
			);
			mainGroup = BF677AC42995615E00FEC522;
			productRefGroup = BF677ACE2995615E00FEC522 /* Products */;
			projectDirPath = "";
			projectRoot = "";
			targets = (
				BF677ACC2995615E00FEC522 /* GravAI_ios */,
			);
		};
/* End PBXProject section */

/* Begin PBXResourcesBuildPhase section */
		BF677ACB2995615E00FEC522 /* Resources */ = {
			isa = PBXResourcesBuildPhase;
			buildActionMask = 2147483647;
			files = (
				BF677AD82995615F00FEC522 /* Preview Assets.xcassets in Resources */,
				BF677AD52995615F00FEC522 /* Assets.xcassets in Resources */,
			);
			runOnlyForDeploymentPostprocessing = 0;
		};
/* End PBXResourcesBuildPhase section */

/* Begin PBXSourcesBuildPhase section */
		BF677AC92995615E00FEC522 /* Sources */ = {
			isa = PBXSourcesBuildPhase;
			buildActionMask = 2147483647;
			files = (
				BF677ADF299561C800FEC522 /* ImagePicker.swift in Sources */,
				BF5026B329CCA4DB00895321 /* MobileNet_interferenceExtension.swift in Sources */,
				BF677AE32995620E00FEC522 /* UploadView.swift in Sources */,
				BF677AD32995615E00FEC522 /* ContentView.swift in Sources */,
				BF677AEC2995642100FEC522 /* ScreenShotExtension.swift in Sources */,
				BFEC607329CB5390005EFD29 /* yolo5n_100epoch.mlmodel in Sources */,
				BF677AF02995645100FEC522 /* UIImageExtension.swift in Sources */,
				BF677AD12995615E00FEC522 /* GravAI_iosApp.swift in Sources */,
				BF677AE52995622F00FEC522 /* VideoCapture.swift in Sources */,
				BF5026B129CC9F2E00895321 /* MobileNetV3_extended.mlmodel in Sources */,
				BF677AEA2995640000FEC522 /* YOLOv5_InterferenceExtension.swift in Sources */,
				BF677AEE2995643B00FEC522 /* UIImage+Extension.swift in Sources */,
				BF677AE1299561ED00FEC522 /* RealTimeView.swift in Sources */,
			);
			runOnlyForDeploymentPostprocessing = 0;
		};
/* End PBXSourcesBuildPhase section */

/* Begin XCBuildConfiguration section */
		BF677AD92995615F00FEC522 /* Debug */ = {
			isa = XCBuildConfiguration;
			buildSettings = {
				ALWAYS_SEARCH_USER_PATHS = NO;
				CLANG_ANALYZER_NONNULL = YES;
				CLANG_ANALYZER_NUMBER_OBJECT_CONVERSION = YES_AGGRESSIVE;
				CLANG_CXX_LANGUAGE_STANDARD = "gnu++20";
				CLANG_ENABLE_MODULES = YES;
				CLANG_ENABLE_OBJC_ARC = YES;
				CLANG_ENABLE_OBJC_WEAK = YES;
				CLANG_WARN_BLOCK_CAPTURE_AUTORELEASING = YES;
				CLANG_WARN_BOOL_CONVERSION = YES;
				CLANG_WARN_COMMA = YES;
				CLANG_WARN_CONSTANT_CONVERSION = YES;
				CLANG_WARN_DEPRECATED_OBJC_IMPLEMENTATIONS = YES;
				CLANG_WARN_DIRECT_OBJC_ISA_USAGE = YES_ERROR;
				CLANG_WARN_DOCUMENTATION_COMMENTS = YES;
				CLANG_WARN_EMPTY_BODY = YES;
				CLANG_WARN_ENUM_CONVERSION = YES;
				CLANG_WARN_INFINITE_RECURSION = YES;
				CLANG_WARN_INT_CONVERSION = YES;
				CLANG_WARN_NON_LITERAL_NULL_CONVERSION = YES;
				CLANG_WARN_OBJC_IMPLICIT_RETAIN_SELF = YES;
				CLANG_WARN_OBJC_LITERAL_CONVERSION = YES;
				CLANG_WARN_OBJC_ROOT_CLASS = YES_ERROR;
				CLANG_WARN_QUOTED_INCLUDE_IN_FRAMEWORK_HEADER = YES;
				CLANG_WARN_RANGE_LOOP_ANALYSIS = YES;
				CLANG_WARN_STRICT_PROTOTYPES = YES;
				CLANG_WARN_SUSPICIOUS_MOVE = YES;
				CLANG_WARN_UNGUARDED_AVAILABILITY = YES_AGGRESSIVE;
				CLANG_WARN_UNREACHABLE_CODE = YES;
				CLANG_WARN__DUPLICATE_METHOD_MATCH = YES;
				COPY_PHASE_STRIP = NO;
				DEBUG_INFORMATION_FORMAT = dwarf;
				ENABLE_STRICT_OBJC_MSGSEND = YES;
				ENABLE_TESTABILITY = YES;
				GCC_C_LANGUAGE_STANDARD = gnu11;
				GCC_DYNAMIC_NO_PIC = NO;
				GCC_NO_COMMON_BLOCKS = YES;
				GCC_OPTIMIZATION_LEVEL = 0;
				GCC_PREPROCESSOR_DEFINITIONS = (
					"DEBUG=1",
					"$(inherited)",
				);
				GCC_WARN_64_TO_32_BIT_CONVERSION = YES;
				GCC_WARN_ABOUT_RETURN_TYPE = YES_ERROR;
				GCC_WARN_UNDECLARED_SELECTOR = YES;
				GCC_WARN_UNINITIALIZED_AUTOS = YES_AGGRESSIVE;
				GCC_WARN_UNUSED_FUNCTION = YES;
				GCC_WARN_UNUSED_VARIABLE = YES;
				IPHONEOS_DEPLOYMENT_TARGET = 16.2;
				MTL_ENABLE_DEBUG_INFO = INCLUDE_SOURCE;
				MTL_FAST_MATH = YES;
				ONLY_ACTIVE_ARCH = YES;
				SDKROOT = iphoneos;
				SWIFT_ACTIVE_COMPILATION_CONDITIONS = DEBUG;
				SWIFT_OPTIMIZATION_LEVEL = "-Onone";
			};
			name = Debug;
		};
		BF677ADA2995615F00FEC522 /* Release */ = {
			isa = XCBuildConfiguration;
			buildSettings = {
				ALWAYS_SEARCH_USER_PATHS = NO;
				CLANG_ANALYZER_NONNULL = YES;
				CLANG_ANALYZER_NUMBER_OBJECT_CONVERSION = YES_AGGRESSIVE;
				CLANG_CXX_LANGUAGE_STANDARD = "gnu++20";
				CLANG_ENABLE_MODULES = YES;
				CLANG_ENABLE_OBJC_ARC = YES;
				CLANG_ENABLE_OBJC_WEAK = YES;
				CLANG_WARN_BLOCK_CAPTURE_AUTORELEASING = YES;
				CLANG_WARN_BOOL_CONVERSION = YES;
				CLANG_WARN_COMMA = YES;
				CLANG_WARN_CONSTANT_CONVERSION = YES;
				CLANG_WARN_DEPRECATED_OBJC_IMPLEMENTATIONS = YES;
				CLANG_WARN_DIRECT_OBJC_ISA_USAGE = YES_ERROR;
				CLANG_WARN_DOCUMENTATION_COMMENTS = YES;
				CLANG_WARN_EMPTY_BODY = YES;
				CLANG_WARN_ENUM_CONVERSION = YES;
				CLANG_WARN_INFINITE_RECURSION = YES;
				CLANG_WARN_INT_CONVERSION = YES;
				CLANG_WARN_NON_LITERAL_NULL_CONVERSION = YES;
				CLANG_WARN_OBJC_IMPLICIT_RETAIN_SELF = YES;
				CLANG_WARN_OBJC_LITERAL_CONVERSION = YES;
				CLANG_WARN_OBJC_ROOT_CLASS = YES_ERROR;
				CLANG_WARN_QUOTED_INCLUDE_IN_FRAMEWORK_HEADER = YES;
				CLANG_WARN_RANGE_LOOP_ANALYSIS = YES;
				CLANG_WARN_STRICT_PROTOTYPES = YES;
				CLANG_WARN_SUSPICIOUS_MOVE = YES;
				CLANG_WARN_UNGUARDED_AVAILABILITY = YES_AGGRESSIVE;
				CLANG_WARN_UNREACHABLE_CODE = YES;
				CLANG_WARN__DUPLICATE_METHOD_MATCH = YES;
				COPY_PHASE_STRIP = NO;
				DEBUG_INFORMATION_FORMAT = "dwarf-with-dsym";
				ENABLE_NS_ASSERTIONS = NO;
				ENABLE_STRICT_OBJC_MSGSEND = YES;
				GCC_C_LANGUAGE_STANDARD = gnu11;
				GCC_NO_COMMON_BLOCKS = YES;
				GCC_WARN_64_TO_32_BIT_CONVERSION = YES;
				GCC_WARN_ABOUT_RETURN_TYPE = YES_ERROR;
				GCC_WARN_UNDECLARED_SELECTOR = YES;
				GCC_WARN_UNINITIALIZED_AUTOS = YES_AGGRESSIVE;
				GCC_WARN_UNUSED_FUNCTION = YES;
				GCC_WARN_UNUSED_VARIABLE = YES;
				IPHONEOS_DEPLOYMENT_TARGET = 16.2;
				MTL_ENABLE_DEBUG_INFO = NO;
				MTL_FAST_MATH = YES;
				SDKROOT = iphoneos;
				SWIFT_COMPILATION_MODE = wholemodule;
				SWIFT_OPTIMIZATION_LEVEL = "-O";
				VALIDATE_PRODUCT = YES;
			};
			name = Release;
		};
		BF677ADC2995615F00FEC522 /* Debug */ = {
			isa = XCBuildConfiguration;
			buildSettings = {
				ASSETCATALOG_COMPILER_APPICON_NAME = AppIcon;
				ASSETCATALOG_COMPILER_GLOBAL_ACCENT_COLOR_NAME = AccentColor;
				CODE_SIGN_STYLE = Automatic;
				CURRENT_PROJECT_VERSION = 1;
				DEVELOPMENT_ASSET_PATHS = "\"GravAI_ios/Preview Content\"";
				DEVELOPMENT_TEAM = FKLM5SV532;
				ENABLE_PREVIEWS = YES;
				GENERATE_INFOPLIST_FILE = YES;
				INFOPLIST_FILE = "GravAI-ios-Info.plist";
				INFOPLIST_KEY_NSCameraUsageDescription = "$(MARKETING_VERSION)";
				INFOPLIST_KEY_NSPhotoLibraryAddUsageDescription = "";
				INFOPLIST_KEY_UIApplicationSupportsIndirectInputEvents = YES;
				INFOPLIST_KEY_UILaunchScreen_Generation = YES;
				INFOPLIST_KEY_UISupportedInterfaceOrientations_iPad = "UIInterfaceOrientationPortrait UIInterfaceOrientationPortraitUpsideDown UIInterfaceOrientationLandscapeLeft UIInterfaceOrientationLandscapeRight";
				INFOPLIST_KEY_UISupportedInterfaceOrientations_iPhone = "UIInterfaceOrientationPortrait UIInterfaceOrientationLandscapeLeft UIInterfaceOrientationLandscapeRight";
				LD_RUNPATH_SEARCH_PATHS = (
					"$(inherited)",
					"@executable_path/Frameworks",
				);
				MARKETING_VERSION = 1.0;
				PRODUCT_BUNDLE_IDENTIFIER = "com.yk-gankeisei.GravAI-ios";
				PRODUCT_NAME = "$(TARGET_NAME)";
				SWIFT_EMIT_LOC_STRINGS = YES;
				SWIFT_VERSION = 5.0;
				TARGETED_DEVICE_FAMILY = "1,2";
			};
			name = Debug;
		};
		BF677ADD2995615F00FEC522 /* Release */ = {
			isa = XCBuildConfiguration;
			buildSettings = {
				ASSETCATALOG_COMPILER_APPICON_NAME = AppIcon;
				ASSETCATALOG_COMPILER_GLOBAL_ACCENT_COLOR_NAME = AccentColor;
				CODE_SIGN_STYLE = Automatic;
				CURRENT_PROJECT_VERSION = 1;
				DEVELOPMENT_ASSET_PATHS = "\"GravAI_ios/Preview Content\"";
				DEVELOPMENT_TEAM = FKLM5SV532;
				ENABLE_PREVIEWS = YES;
				GENERATE_INFOPLIST_FILE = YES;
				INFOPLIST_FILE = "GravAI-ios-Info.plist";
				INFOPLIST_KEY_NSCameraUsageDescription = "$(MARKETING_VERSION)";
				INFOPLIST_KEY_NSPhotoLibraryAddUsageDescription = "";
				INFOPLIST_KEY_UIApplicationSupportsIndirectInputEvents = YES;
				INFOPLIST_KEY_UILaunchScreen_Generation = YES;
				INFOPLIST_KEY_UISupportedInterfaceOrientations_iPad = "UIInterfaceOrientationPortrait UIInterfaceOrientationPortraitUpsideDown UIInterfaceOrientationLandscapeLeft UIInterfaceOrientationLandscapeRight";
				INFOPLIST_KEY_UISupportedInterfaceOrientations_iPhone = "UIInterfaceOrientationPortrait UIInterfaceOrientationLandscapeLeft UIInterfaceOrientationLandscapeRight";
				LD_RUNPATH_SEARCH_PATHS = (
					"$(inherited)",
					"@executable_path/Frameworks",
				);
				MARKETING_VERSION = 1.0;
				PRODUCT_BUNDLE_IDENTIFIER = "com.yk-gankeisei.GravAI-ios";
				PRODUCT_NAME = "$(TARGET_NAME)";
				SWIFT_EMIT_LOC_STRINGS = YES;
				SWIFT_VERSION = 5.0;
				TARGETED_DEVICE_FAMILY = "1,2";
			};
			name = Release;
		};
/* End XCBuildConfiguration section */

/* Begin XCConfigurationList section */
		BF677AC82995615E00FEC522 /* Build configuration list for PBXProject "GravAI_ios" */ = {
			isa = XCConfigurationList;
			buildConfigurations = (
				BF677AD92995615F00FEC522 /* Debug */,
				BF677ADA2995615F00FEC522 /* Release */,
			);
			defaultConfigurationIsVisible = 0;
			defaultConfigurationName = Release;
		};
		BF677ADB2995615F00FEC522 /* Build configuration list for PBXNativeTarget "GravAI_ios" */ = {
			isa = XCConfigurationList;
			buildConfigurations = (
				BF677ADC2995615F00FEC522 /* Debug */,
				BF677ADD2995615F00FEC522 /* Release */,
			);
			defaultConfigurationIsVisible = 0;
			defaultConfigurationName = Release;
		};
/* End XCConfigurationList section */
	};
	rootObject = BF677AC52995615E00FEC522 /* Project object */;
}
